<?xml version="1.0" encoding="utf-8"?>
<Project ToolsVersion="4.0" xmlns="http://schemas.microsoft.com/developer/msbuild/2003">
  <ItemGroup>
    <Filter Include="Shaders">
      <UniqueIdentifier>{e36f76a8-f65c-4afd-b039-29b35d29dae4}</UniqueIdentifier>
    </Filter>
    <Filter Include="Framework">
      <UniqueIdentifier>{8a95b459-523c-4aa7-b2d5-0dee1be89b08}</UniqueIdentifier>
    </Filter>
    <Filter Include="Renderer">
      <UniqueIdentifier>{61856a5b-3a54-45de-a597-99e3d9a759db}</UniqueIdentifier>
    </Filter>
    <Filter Include="External">
      <UniqueIdentifier>{c3c0dcf7-d204-4ca3-9adb-b94d6ad90237}</UniqueIdentifier>
    </Filter>
    <Filter Include="Misc">
      <UniqueIdentifier>{0f9fc0c7-5bce-4e6a-bf7f-5b9bac564cc6}</UniqueIdentifier>
    </Filter>
    <Filter Include="Utility">
      <UniqueIdentifier>{b5a8c4a1-1664-426d-bd8f-52d321dcc0b7}</UniqueIdentifier>
    </Filter>
    <Filter Include="Terrain">
      <UniqueIdentifier>{fa4bb439-d84c-4008-a426-095d798093a5}</UniqueIdentifier>
    </Filter>
  </ItemGroup>
  <ItemGroup>
    <None Include="..\..\..\Builds\shapes_fs.glsl">
      <Filter>Shaders</Filter>
    </None>
    <None Include="..\..\..\Builds\shapes_vs.glsl">
      <Filter>Shaders</Filter>
    </None>
    <None Include="..\..\..\Builds\terrain_fs.glsl">
      <Filter>Shaders</Filter>
    </None>
    <None Include="..\..\..\Builds\terrain_vs.glsl">
      <Filter>Shaders</Filter>
    </None>
  </ItemGroup>
  <ItemGroup>
    <ClCompile Include="..\..\Framework\MyController.cpp">
      <Filter>Framework</Filter>
    </ClCompile>
    <ClCompile Include="..\..\Renderer\MyView.cpp">
      <Filter>Renderer</Filter>
    </ClCompile>
    <ClCompile Include="..\..\..\External\src\SceneModel\Camera.cpp">
      <Filter>External</Filter>
    </ClCompile>
    <ClCompile Include="..\..\..\External\src\SceneModel\Context.cpp">
      <Filter>External</Filter>
    </ClCompile>
    <ClCompile Include="..\..\..\External\src\tgl\tgl.c">
      <Filter>External</Filter>
    </ClCompile>
    <ClCompile Include="..\..\..\External\src\tygra\FileHelper.cpp">
      <Filter>External</Filter>
    </ClCompile>
    <ClCompile Include="..\..\..\External\src\tygra\Window.cpp">
      <Filter>External</Filter>
    </ClCompile>
    <ClCompile Include="..\..\main.cpp" />
    <ClCompile Include="..\..\Renderer\Mesh.cpp">
      <Filter>Renderer</Filter>
    </ClCompile>
    <ClCompile Include="..\..\Renderer\MeshPool.cpp">
      <Filter>Renderer</Filter>
    </ClCompile>
    <ClCompile Include="..\..\PoolSegment.cpp" />
    <ClCompile Include="..\..\Terrain\HeightMap.cpp">
      <Filter>Terrain</Filter>
    </ClCompile>
    <ClCompile Include="..\..\Terrain\Terrain.cpp">
      <Filter>Terrain</Filter>
    </ClCompile>
    <ClCompile Include="..\..\Renderer\Vertex.cpp">
      <Filter>Renderer</Filter>
    </ClCompile>
    <ClCompile Include="..\..\Terrain\TerrainConstructionData.cpp">
      <Filter>Terrain</Filter>
    </ClCompile>
    <ClCompile Include="..\..\Utility\ElementCreation.cpp">
      <Filter>Utility</Filter>
    </ClCompile>
  </ItemGroup>
  <ItemGroup>
    <ClInclude Include="..\..\Framework\MyController.hpp">
      <Filter>Framework</Filter>
    </ClInclude>
    <ClInclude Include="..\..\Renderer\MyView.hpp">
      <Filter>Renderer</Filter>
    </ClInclude>
    <ClInclude Include="..\..\..\External\src\SceneModel\FirstPersonMovement.hpp">
      <Filter>External</Filter>
    </ClInclude>
    <ClInclude Include="..\..\..\External\include\SceneModel\Camera.hpp">
      <Filter>External</Filter>
    </ClInclude>
    <ClInclude Include="..\..\..\External\include\SceneModel\Context.hpp">
      <Filter>External</Filter>
    </ClInclude>
    <ClInclude Include="..\..\Renderer\MeshPool.hpp">
      <Filter>Renderer</Filter>
    </ClInclude>
    <ClInclude Include="..\..\Renderer\Mesh.hpp">
      <Filter>Renderer</Filter>
    </ClInclude>
    <ClInclude Include="..\..\Utility\Rectangle.hpp">
      <Filter>Utility</Filter>
    </ClInclude>
    <ClInclude Include="..\..\Terrain\HeightMap.hpp">
      <Filter>Terrain</Filter>
    </ClInclude>
    <ClInclude Include="..\..\PoolSegment.hpp" />
    <ClInclude Include="..\..\Terrain\Terrain.hpp">
      <Filter>Terrain</Filter>
    </ClInclude>
    <ClInclude Include="..\..\Renderer\Vertex.hpp">
      <Filter>Renderer</Filter>
    </ClInclude>
    <ClInclude Include="..\..\Terrain\TerrainConstructionData.hpp">
      <Filter>Terrain</Filter>
    </ClInclude>
    <ClInclude Include="..\..\Utility\ElementCreation.hpp">
      <Filter>Utility</Filter>
    </ClInclude>
  </ItemGroup>
</Project>